
Microsoft Visual Studio Solution File, Format Version 12.00
# Visual Studio Version 17
VisualStudioVersion = 17.8.34322.80
MinimumVisualStudioVersion = 10.0.40219.1
Project("{FAE04EC0-301F-11D3-BF4B-00C04F79EFBC}") = "Zadnie 10 po lecji 7", "Zadnie 10 po lecji 7.csproj", "{53B5498E-5BC7-432B-9061-9024E7AADA7F}"
EndProject
Global
	GlobalSection(SolutionConfigurationPlatforms) = preSolution
		Debug|Any CPU = Debug|Any CPU
		Release|Any CPU = Release|Any CPU
	EndGlobalSection
	GlobalSection(ProjectConfigurationPlatforms) = postSolution
		{53B5498E-5BC7-432B-9061-9024E7AADA7F}.Debug|Any CPU.ActiveCfg = Debug|Any CPU
		{53B5498E-5BC7-432B-9061-9024E7AADA7F}.Debug|Any CPU.Build.0 = Debug|Any CPU
		{53B5498E-5BC7-432B-9061-9024E7AADA7F}.Release|Any CPU.ActiveCfg = Release|Any CPU
		{53B5498E-5BC7-432B-9061-9024E7AADA7F}.Release|Any CPU.Build.0 = Release|Any CPU
	EndGlobalSection
	GlobalSection(SolutionProperties) = preSolution
		HideSolutionNode = FALSE
	EndGlobalSection
	GlobalSection(ExtensibilityGlobals) = postSolution
		SolutionGuid = {56AE1D90-81FE-44C0-BDE6-C6BA036C4BD3}
	EndGlobalSection
EndGlobal
